
Microsoft Visual Studio Solution File, Format Version 12.00
# Visual Studio Version 16
VisualStudioVersion = 16.0.28803.352
MinimumVisualStudioVersion = 10.0.40219.1
Project("{FAE04EC0-301F-11D3-BF4B-00C04F79EFBC}") = "Lesson4_Task3", "Lesson4_Task3\Lesson4_Task3.csproj", "{B448A00D-9E67-4EEB-9614-90A65408F29C}"
EndProject
Global
	GlobalSection(SolutionConfigurationPlatforms) = preSolution
		Debug|Any CPU = Debug|Any CPU
		Release|Any CPU = Release|Any CPU
	EndGlobalSection
	GlobalSection(ProjectConfigurationPlatforms) = postSolution
		{B448A00D-9E67-4EEB-9614-90A65408F29C}.Debug|Any CPU.ActiveCfg = Debug|Any CPU
		{B448A00D-9E67-4EEB-9614-90A65408F29C}.Debug|Any CPU.Build.0 = Debug|Any CPU
		{B448A00D-9E67-4EEB-9614-90A65408F29C}.Release|Any CPU.ActiveCfg = Release|Any CPU
		{B448A00D-9E67-4EEB-9614-90A65408F29C}.Release|Any CPU.Build.0 = Release|Any CPU
	EndGlobalSection
	GlobalSection(SolutionProperties) = preSolution
		HideSolutionNode = FALSE
	EndGlobalSection
	GlobalSection(ExtensibilityGlobals) = postSolution
		SolutionGuid = {C0CCD066-AE69-4FA1-A183-DBC19D5C9EE4}
	EndGlobalSection
EndGlobal
